// !$*UTF8*$!
{
	archiveVersion = 1;
	classes = {
	};
	objectVersion = 46;
	objects = {

/* Begin PBXBuildFile section */
		C45DFF171876573A00674A7E /* Foundation.framework in Frameworks */ = {isa = PBXBuildFile; fileRef = C45DFF161876573A00674A7E /* Foundation.framework */; };
		C45DFF191876573A00674A7E /* CoreGraphics.framework in Frameworks */ = {isa = PBXBuildFile; fileRef = C45DFF181876573A00674A7E /* CoreGraphics.framework */; };
		C45DFF1B1876573A00674A7E /* UIKit.framework in Frameworks */ = {isa = PBXBuildFile; fileRef = C45DFF1A1876573A00674A7E /* UIKit.framework */; };
		C45DFF211876573A00674A7E /* InfoPlist.strings in Resources */ = {isa = PBXBuildFile; fileRef = C45DFF1F1876573A00674A7E /* InfoPlist.strings */; };
		C45DFF231876573A00674A7E /* main.m in Sources */ = {isa = PBXBuildFile; fileRef = C45DFF221876573A00674A7E /* main.m */; };
		C45DFF271876573A00674A7E /* GPJAppDelegate.m in Sources */ = {isa = PBXBuildFile; fileRef = C45DFF261876573A00674A7E /* GPJAppDelegate.m */; };
		C45DFF2A1876573A00674A7E /* Main.storyboard in Resources */ = {isa = PBXBuildFile; fileRef = C45DFF281876573A00674A7E /* Main.storyboard */; };
		C45DFF2D1876573A00674A7E /* GPJFirstViewController.m in Sources */ = {isa = PBXBuildFile; fileRef = C45DFF2C1876573A00674A7E /* GPJFirstViewController.m */; };
		C45DFF321876573A00674A7E /* Images.xcassets in Resources */ = {isa = PBXBuildFile; fileRef = C45DFF311876573A00674A7E /* Images.xcassets */; };
		C45DFF391876573A00674A7E /* XCTest.framework in Frameworks */ = {isa = PBXBuildFile; fileRef = C45DFF381876573A00674A7E /* XCTest.framework */; };
		C45DFF3A1876573A00674A7E /* Foundation.framework in Frameworks */ = {isa = PBXBuildFile; fileRef = C45DFF161876573A00674A7E /* Foundation.framework */; };
		C45DFF3B1876573A00674A7E /* UIKit.framework in Frameworks */ = {isa = PBXBuildFile; fileRef = C45DFF1A1876573A00674A7E /* UIKit.framework */; };
		C45DFF431876573A00674A7E /* InfoPlist.strings in Resources */ = {isa = PBXBuildFile; fileRef = C45DFF411876573A00674A7E /* InfoPlist.strings */; };
		C45DFF451876573A00674A7E /* MessagesTests.m in Sources */ = {isa = PBXBuildFile; fileRef = C45DFF441876573A00674A7E /* MessagesTests.m */; };
		C46D2E9518767B150074957D /* GPJSecondViewController.m in Sources */ = {isa = PBXBuildFile; fileRef = C46D2E9418767B150074957D /* GPJSecondViewController.m */; };
		FF2FD12FFC974B069D018D41 /* libPods.a in Frameworks */ = {isa = PBXBuildFile; fileRef = 2F4DD3A6F59E486D80CCB2C7 /* libPods.a */; };
/* End PBXBuildFile section */

/* Begin PBXContainerItemProxy section */
		C45DFF3C1876573A00674A7E /* PBXContainerItemProxy */ = {
			isa = PBXContainerItemProxy;
			containerPortal = C45DFF0B1876573A00674A7E /* Project object */;
			proxyType = 1;
			remoteGlobalIDString = C45DFF121876573A00674A7E;
			remoteInfo = Messages;
		};
/* End PBXContainerItemProxy section */

/* Begin PBXFileReference section */
		2F4DD3A6F59E486D80CCB2C7 /* libPods.a */ = {isa = PBXFileReference; explicitFileType = archive.ar; includeInIndex = 0; path = libPods.a; sourceTree = BUILT_PRODUCTS_DIR; };
		4BE5AAF15B4D44E7BD0CF793 /* Pods.xcconfig */ = {isa = PBXFileReference; includeInIndex = 1; lastKnownFileType = text.xcconfig; name = Pods.xcconfig; path = Pods/Pods.xcconfig; sourceTree = "<group>"; };
		C45DFF131876573A00674A7E /* Messages.app */ = {isa = PBXFileReference; explicitFileType = wrapper.application; includeInIndex = 0; path = Messages.app; sourceTree = BUILT_PRODUCTS_DIR; };
		C45DFF161876573A00674A7E /* Foundation.framework */ = {isa = PBXFileReference; lastKnownFileType = wrapper.framework; name = Foundation.framework; path = System/Library/Frameworks/Foundation.framework; sourceTree = SDKROOT; };
		C45DFF181876573A00674A7E /* CoreGraphics.framework */ = {isa = PBXFileReference; lastKnownFileType = wrapper.framework; name = CoreGraphics.framework; path = System/Library/Frameworks/CoreGraphics.framework; sourceTree = SDKROOT; };
		C45DFF1A1876573A00674A7E /* UIKit.framework */ = {isa = PBXFileReference; lastKnownFileType = wrapper.framework; name = UIKit.framework; path = System/Library/Frameworks/UIKit.framework; sourceTree = SDKROOT; };
		C45DFF1E1876573A00674A7E /* Messages-Info.plist */ = {isa = PBXFileReference; lastKnownFileType = text.plist.xml; path = "Messages-Info.plist"; sourceTree = "<group>"; };
		C45DFF201876573A00674A7E /* en */ = {isa = PBXFileReference; lastKnownFileType = text.plist.strings; name = en; path = en.lproj/InfoPlist.strings; sourceTree = "<group>"; };
		C45DFF221876573A00674A7E /* main.m */ = {isa = PBXFileReference; lastKnownFileType = sourcecode.c.objc; path = main.m; sourceTree = "<group>"; };
		C45DFF241876573A00674A7E /* Messages-Prefix.pch */ = {isa = PBXFileReference; lastKnownFileType = sourcecode.c.h; path = "Messages-Prefix.pch"; sourceTree = "<group>"; };
		C45DFF251876573A00674A7E /* GPJAppDelegate.h */ = {isa = PBXFileReference; lastKnownFileType = sourcecode.c.h; path = GPJAppDelegate.h; sourceTree = "<group>"; };
		C45DFF261876573A00674A7E /* GPJAppDelegate.m */ = {isa = PBXFileReference; lastKnownFileType = sourcecode.c.objc; path = GPJAppDelegate.m; sourceTree = "<group>"; };
		C45DFF291876573A00674A7E /* Base */ = {isa = PBXFileReference; lastKnownFileType = file.storyboard; name = Base; path = Base.lproj/Main.storyboard; sourceTree = "<group>"; };
		C45DFF2B1876573A00674A7E /* GPJFirstViewController.h */ = {isa = PBXFileReference; lastKnownFileType = sourcecode.c.h; path = GPJFirstViewController.h; sourceTree = "<group>"; };
		C45DFF2C1876573A00674A7E /* GPJFirstViewController.m */ = {isa = PBXFileReference; lastKnownFileType = sourcecode.c.objc; path = GPJFirstViewController.m; sourceTree = "<group>"; };
		C45DFF311876573A00674A7E /* Images.xcassets */ = {isa = PBXFileReference; lastKnownFileType = folder.assetcatalog; path = Images.xcassets; sourceTree = "<group>"; };
		C45DFF371876573A00674A7E /* MessagesTests.xctest */ = {isa = PBXFileReference; explicitFileType = wrapper.cfbundle; includeInIndex = 0; path = MessagesTests.xctest; sourceTree = BUILT_PRODUCTS_DIR; };
		C45DFF381876573A00674A7E /* XCTest.framework */ = {isa = PBXFileReference; lastKnownFileType = wrapper.framework; name = XCTest.framework; path = Library/Frameworks/XCTest.framework; sourceTree = DEVELOPER_DIR; };
		C45DFF401876573A00674A7E /* MessagesTests-Info.plist */ = {isa = PBXFileReference; lastKnownFileType = text.plist.xml; path = "MessagesTests-Info.plist"; sourceTree = "<group>"; };
		C45DFF421876573A00674A7E /* en */ = {isa = PBXFileReference; lastKnownFileType = text.plist.strings; name = en; path = en.lproj/InfoPlist.strings; sourceTree = "<group>"; };
		C45DFF441876573A00674A7E /* MessagesTests.m */ = {isa = PBXFileReference; lastKnownFileType = sourcecode.c.objc; path = MessagesTests.m; sourceTree = "<group>"; };
		C46D2E9318767B150074957D /* GPJSecondViewController.h */ = {isa = PBXFileReference; fileEncoding = 4; lastKnownFileType = sourcecode.c.h; path = GPJSecondViewController.h; sourceTree = "<group>"; };
		C46D2E9418767B150074957D /* GPJSecondViewController.m */ = {isa = PBXFileReference; fileEncoding = 4; lastKnownFileType = sourcecode.c.objc; path = GPJSecondViewController.m; sourceTree = "<group>"; };
/* End PBXFileReference section */

/* Begin PBXFrameworksBuildPhase section */
		C45DFF101876573A00674A7E /* Frameworks */ = {
			isa = PBXFrameworksBuildPhase;
			buildActionMask = 2147483647;
			files = (
				C45DFF191876573A00674A7E /* CoreGraphics.framework in Frameworks */,
				C45DFF1B1876573A00674A7E /* UIKit.framework in Frameworks */,
				C45DFF171876573A00674A7E /* Foundation.framework in Frameworks */,
				FF2FD12FFC974B069D018D41 /* libPods.a in Frameworks */,
			);
			runOnlyForDeploymentPostprocessing = 0;
		};
		C45DFF341876573A00674A7E /* Frameworks */ = {
			isa = PBXFrameworksBuildPhase;
			buildActionMask = 2147483647;
			files = (
				C45DFF391876573A00674A7E /* XCTest.framework in Frameworks */,
				C45DFF3B1876573A00674A7E /* UIKit.framework in Frameworks */,
				C45DFF3A1876573A00674A7E /* Foundation.framework in Frameworks */,
			);
			runOnlyForDeploymentPostprocessing = 0;
		};
/* End PBXFrameworksBuildPhase section */

/* Begin PBXGroup section */
		C45DFF0A1876573A00674A7E = {
			isa = PBXGroup;
			children = (
				C45DFF1C1876573A00674A7E /* Messages */,
				C45DFF3E1876573A00674A7E /* MessagesTests */,
				C45DFF151876573A00674A7E /* Frameworks */,
				C45DFF141876573A00674A7E /* Products */,
				4BE5AAF15B4D44E7BD0CF793 /* Pods.xcconfig */,
			);
			sourceTree = "<group>";
		};
		C45DFF141876573A00674A7E /* Products */ = {
			isa = PBXGroup;
			children = (
				C45DFF131876573A00674A7E /* Messages.app */,
				C45DFF371876573A00674A7E /* MessagesTests.xctest */,
			);
			name = Products;
			sourceTree = "<group>";
		};
		C45DFF151876573A00674A7E /* Frameworks */ = {
			isa = PBXGroup;
			children = (
				C45DFF161876573A00674A7E /* Foundation.framework */,
				C45DFF181876573A00674A7E /* CoreGraphics.framework */,
				C45DFF1A1876573A00674A7E /* UIKit.framework */,
				C45DFF381876573A00674A7E /* XCTest.framework */,
				2F4DD3A6F59E486D80CCB2C7 /* libPods.a */,
			);
			name = Frameworks;
			sourceTree = "<group>";
		};
		C45DFF1C1876573A00674A7E /* Messages */ = {
			isa = PBXGroup;
			children = (
				C45DFF251876573A00674A7E /* GPJAppDelegate.h */,
				C45DFF261876573A00674A7E /* GPJAppDelegate.m */,
				C45DFF281876573A00674A7E /* Main.storyboard */,
				C45DFF2B1876573A00674A7E /* GPJFirstViewController.h */,
				C45DFF2C1876573A00674A7E /* GPJFirstViewController.m */,
				C46D2E9318767B150074957D /* GPJSecondViewController.h */,
				C46D2E9418767B150074957D /* GPJSecondViewController.m */,
				C45DFF311876573A00674A7E /* Images.xcassets */,
				C45DFF1D1876573A00674A7E /* Supporting Files */,
			);
			path = Messages;
			sourceTree = "<group>";
		};
		C45DFF1D1876573A00674A7E /* Supporting Files */ = {
			isa = PBXGroup;
			children = (
				C45DFF1E1876573A00674A7E /* Messages-Info.plist */,
				C45DFF1F1876573A00674A7E /* InfoPlist.strings */,
				C45DFF221876573A00674A7E /* main.m */,
				C45DFF241876573A00674A7E /* Messages-Prefix.pch */,
			);
			name = "Supporting Files";
			sourceTree = "<group>";
		};
		C45DFF3E1876573A00674A7E /* MessagesTests */ = {
			isa = PBXGroup;
			children = (
				C45DFF441876573A00674A7E /* MessagesTests.m */,
				C45DFF3F1876573A00674A7E /* Supporting Files */,
			);
			path = MessagesTests;
			sourceTree = "<group>";
		};
		C45DFF3F1876573A00674A7E /* Supporting Files */ = {
			isa = PBXGroup;
			children = (
				C45DFF401876573A00674A7E /* MessagesTests-Info.plist */,
				C45DFF411876573A00674A7E /* InfoPlist.strings */,
			);
			name = "Supporting Files";
			sourceTree = "<group>";
		};
/* End PBXGroup section */

/* Begin PBXNativeTarget section */
		C45DFF121876573A00674A7E /* Messages */ = {
			isa = PBXNativeTarget;
			buildConfigurationList = C45DFF481876573A00674A7E /* Build configuration list for PBXNativeTarget "Messages" */;
			buildPhases = (
				E83AC70A1D284CE18FBE87D6 /* Check Pods Manifest.lock */,
				C45DFF0F1876573A00674A7E /* Sources */,
				C45DFF101876573A00674A7E /* Frameworks */,
				C45DFF111876573A00674A7E /* Resources */,
				7936B8E33E2D4D8B95E0DB2D /* Copy Pods Resources */,
			);
			buildRules = (
			);
			dependencies = (
			);
			name = Messages;
			productName = Messages;
			productReference = C45DFF131876573A00674A7E /* Messages.app */;
			productType = "com.apple.product-type.application";
		};
		C45DFF361876573A00674A7E /* MessagesTests */ = {
			isa = PBXNativeTarget;
			buildConfigurationList = C45DFF4B1876573A00674A7E /* Build configuration list for PBXNativeTarget "MessagesTests" */;
			buildPhases = (
				C45DFF331876573A00674A7E /* Sources */,
				C45DFF341876573A00674A7E /* Frameworks */,
				C45DFF351876573A00674A7E /* Resources */,
			);
			buildRules = (
			);
			dependencies = (
				C45DFF3D1876573A00674A7E /* PBXTargetDependency */,
			);
			name = MessagesTests;
			productName = MessagesTests;
			productReference = C45DFF371876573A00674A7E /* MessagesTests.xctest */;
			productType = "com.apple.product-type.bundle.unit-test";
		};
/* End PBXNativeTarget section */

/* Begin PBXProject section */
		C45DFF0B1876573A00674A7E /* Project object */ = {
			isa = PBXProject;
			attributes = {
				CLASSPREFIX = GPJ;
				LastUpgradeCheck = 0500;
				ORGANIZATIONNAME = "巩 鹏军";
				TargetAttributes = {
					C45DFF361876573A00674A7E = {
						TestTargetID = C45DFF121876573A00674A7E;
					};
				};
			};
			buildConfigurationList = C45DFF0E1876573A00674A7E /* Build configuration list for PBXProject "Messages" */;
			compatibilityVersion = "Xcode 3.2";
			developmentRegion = English;
			hasScannedForEncodings = 0;
			knownRegions = (
				en,
				Base,
			);
			mainGroup = C45DFF0A1876573A00674A7E;
			productRefGroup = C45DFF141876573A00674A7E /* Products */;
			projectDirPath = "";
			projectRoot = "";
			targets = (
				C45DFF121876573A00674A7E /* Messages */,
				C45DFF361876573A00674A7E /* MessagesTests */,
			);
		};
/* End PBXProject section */

/* Begin PBXResourcesBuildPhase section */
		C45DFF111876573A00674A7E /* Resources */ = {
			isa = PBXResourcesBuildPhase;
			buildActionMask = 2147483647;
			files = (
				C45DFF321876573A00674A7E /* Images.xcassets in Resources */,
				C45DFF211876573A00674A7E /* InfoPlist.strings in Resources */,
				C45DFF2A1876573A00674A7E /* Main.storyboard in Resources */,
			);
			runOnlyForDeploymentPostprocessing = 0;
		};
		C45DFF351876573A00674A7E /* Resources */ = {
			isa = PBXResourcesBuildPhase;
			buildActionMask = 2147483647;
			files = (
				C45DFF431876573A00674A7E /* InfoPlist.strings in Resources */,
			);
			runOnlyForDeploymentPostprocessing = 0;
		};
/* End PBXResourcesBuildPhase section */

/* Begin PBXShellScriptBuildPhase section */
		7936B8E33E2D4D8B95E0DB2D /* Copy Pods Resources */ = {
			isa = PBXShellScriptBuildPhase;
			buildActionMask = 2147483647;
			files = (
			);
			inputPaths = (
			);
			name = "Copy Pods Resources";
			outputPaths = (
			);
			runOnlyForDeploymentPostprocessing = 0;
			shellPath = /bin/sh;
			shellScript = "\"${SRCROOT}/Pods/Pods-resources.sh\"\n";
			showEnvVarsInLog = 0;
		};
		E83AC70A1D284CE18FBE87D6 /* Check Pods Manifest.lock */ = {
			isa = PBXShellScriptBuildPhase;
			buildActionMask = 2147483647;
			files = (
			);
			inputPaths = (
			);
			name = "Check Pods Manifest.lock";
			outputPaths = (
			);
			runOnlyForDeploymentPostprocessing = 0;
			shellPath = /bin/sh;
			shellScript = "diff \"${PODS_ROOT}/../Podfile.lock\" \"${PODS_ROOT}/Manifest.lock\" > /dev/null\nif [[ $? != 0 ]] ; then\n    cat << EOM\nerror: The sandbox is not in sync with the Podfile.lock. Run 'pod install' or update your CocoaPods installation.\nEOM\n    exit 1\nfi\n";
			showEnvVarsInLog = 0;
		};
/* End PBXShellScriptBuildPhase section */

/* Begin PBXSourcesBuildPhase section */
		C45DFF0F1876573A00674A7E /* Sources */ = {
			isa = PBXSourcesBuildPhase;
			buildActionMask = 2147483647;
			files = (
				C46D2E9518767B150074957D /* GPJSecondViewController.m in Sources */,
				C45DFF2D1876573A00674A7E /* GPJFirstViewController.m in Sources */,
				C45DFF271876573A00674A7E /* GPJAppDelegate.m in Sources */,
				C45DFF231876573A00674A7E /* main.m in Sources */,
			);
			runOnlyForDeploymentPostprocessing = 0;
		};
		C45DFF331876573A00674A7E /* Sources */ = {
			isa = PBXSourcesBuildPhase;
			buildActionMask = 2147483647;
			files = (
				C45DFF451876573A00674A7E /* MessagesTests.m in Sources */,
			);
			runOnlyForDeploymentPostprocessing = 0;
		};
/* End PBXSourcesBuildPhase section */

/* Begin PBXTargetDependency section */
		C45DFF3D1876573A00674A7E /* PBXTargetDependency */ = {
			isa = PBXTargetDependency;
			target = C45DFF121876573A00674A7E /* Messages */;
			targetProxy = C45DFF3C1876573A00674A7E /* PBXContainerItemProxy */;
		};
/* End PBXTargetDependency section */

/* Begin PBXVariantGroup section */
		C45DFF1F1876573A00674A7E /* InfoPlist.strings */ = {
			isa = PBXVariantGroup;
			children = (
				C45DFF201876573A00674A7E /* en */,
			);
			name = InfoPlist.strings;
			sourceTree = "<group>";
		};
		C45DFF281876573A00674A7E /* Main.storyboard */ = {
			isa = PBXVariantGroup;
			children = (
				C45DFF291876573A00674A7E /* Base */,
			);
			name = Main.storyboard;
			sourceTree = "<group>";
		};
		C45DFF411876573A00674A7E /* InfoPlist.strings */ = {
			isa = PBXVariantGroup;
			children = (
				C45DFF421876573A00674A7E /* en */,
			);
			name = InfoPlist.strings;
			sourceTree = "<group>";
		};
/* End PBXVariantGroup section */

/* Begin XCBuildConfiguration section */
		C45DFF461876573A00674A7E /* Debug */ = {
			isa = XCBuildConfiguration;
			buildSettings = {
				ALWAYS_SEARCH_USER_PATHS = NO;
				ARCHS = "$(ARCHS_STANDARD_INCLUDING_64_BIT)";
				CLANG_CXX_LANGUAGE_STANDARD = "gnu++0x";
				CLANG_CXX_LIBRARY = "libc++";
				CLANG_ENABLE_MODULES = YES;
				CLANG_ENABLE_OBJC_ARC = YES;
				CLANG_WARN_BOOL_CONVERSION = YES;
				CLANG_WARN_CONSTANT_CONVERSION = YES;
				CLANG_WARN_DIRECT_OBJC_ISA_USAGE = YES_ERROR;
				CLANG_WARN_EMPTY_BODY = YES;
				CLANG_WARN_ENUM_CONVERSION = YES;
				CLANG_WARN_INT_CONVERSION = YES;
				CLANG_WARN_OBJC_ROOT_CLASS = YES_ERROR;
				CLANG_WARN__DUPLICATE_METHOD_MATCH = YES;
				"CODE_SIGN_IDENTITY[sdk=iphoneos*]" = "iPhone Developer";
				COPY_PHASE_STRIP = NO;
				GCC_C_LANGUAGE_STANDARD = gnu99;
				GCC_DYNAMIC_NO_PIC = NO;
				GCC_OPTIMIZATION_LEVEL = 0;
				GCC_PREPROCESSOR_DEFINITIONS = (
					"DEBUG=1",
					"$(inherited)",
				);
				GCC_SYMBOLS_PRIVATE_EXTERN = NO;
				GCC_WARN_64_TO_32_BIT_CONVERSION = YES;
				GCC_WARN_ABOUT_RETURN_TYPE = YES_ERROR;
				GCC_WARN_UNDECLARED_SELECTOR = YES;
				GCC_WARN_UNINITIALIZED_AUTOS = YES;
				GCC_WARN_UNUSED_FUNCTION = YES;
				GCC_WARN_UNUSED_VARIABLE = YES;
				IPHONEOS_DEPLOYMENT_TARGET = 7.0;
				ONLY_ACTIVE_ARCH = YES;
				SDKROOT = iphoneos;
			};
			name = Debug;
		};
		C45DFF471876573A00674A7E /* Release */ = {
			isa = XCBuildConfiguration;
			buildSettings = {
				ALWAYS_SEARCH_USER_PATHS = NO;
				ARCHS = "$(ARCHS_STANDARD_INCLUDING_64_BIT)";
				CLANG_CXX_LANGUAGE_STANDARD = "gnu++0x";
				CLANG_CXX_LIBRARY = "libc++";
				CLANG_ENABLE_MODULES = YES;
				CLANG_ENABLE_OBJC_ARC = YES;
				CLANG_WARN_BOOL_CONVERSION = YES;
				CLANG_WARN_CONSTANT_CONVERSION = YES;
				CLANG_WARN_DIRECT_OBJC_ISA_USAGE = YES_ERROR;
				CLANG_WARN_EMPTY_BODY = YES;
				CLANG_WARN_ENUM_CONVERSION = YES;
				CLANG_WARN_INT_CONVERSION = YES;
				CLANG_WARN_OBJC_ROOT_CLASS = YES_ERROR;
				CLANG_WARN__DUPLICATE_METHOD_MATCH = YES;
				"CODE_SIGN_IDENTITY[sdk=iphoneos*]" = "iPhone Developer";
				COPY_PHASE_STRIP = YES;
				ENABLE_NS_ASSERTIONS = NO;
				GCC_C_LANGUAGE_STANDARD = gnu99;
				GCC_WARN_64_TO_32_BIT_CONVERSION = YES;
				GCC_WARN_ABOUT_RETURN_TYPE = YES_ERROR;
				GCC_WARN_UNDECLARED_SELECTOR = YES;
				GCC_WARN_UNINITIALIZED_AUTOS = YES;
				GCC_WARN_UNUSED_FUNCTION = YES;
				GCC_WARN_UNUSED_VARIABLE = YES;
				IPHONEOS_DEPLOYMENT_TARGET = 7.0;
				SDKROOT = iphoneos;
				VALIDATE_PRODUCT = YES;
			};
			name = Release;
		};
		C45DFF491876573A00674A7E /* Debug */ = {
			isa = XCBuildConfiguration;
			baseConfigurationReference = 4BE5AAF15B4D44E7BD0CF793 /* Pods.xcconfig */;
			buildSettings = {
				ASSETCATALOG_COMPILER_APPICON_NAME = AppIcon;
				ASSETCATALOG_COMPILER_LAUNCHIMAGE_NAME = LaunchImage;
				GCC_PRECOMPILE_PREFIX_HEADER = YES;
				GCC_PREFIX_HEADER = "Messages/Messages-Prefix.pch";
				INFOPLIST_FILE = "Messages/Messages-Info.plist";
				PRODUCT_NAME = "$(TARGET_NAME)";
				WRAPPER_EXTENSION = app;
			};
			name = Debug;
		};
		C45DFF4A1876573A00674A7E /* Release */ = {
			isa = XCBuildConfiguration;
			baseConfigurationReference = 4BE5AAF15B4D44E7BD0CF793 /* Pods.xcconfig */;
			buildSettings = {
				ASSETCATALOG_COMPILER_APPICON_NAME = AppIcon;
				ASSETCATALOG_COMPILER_LAUNCHIMAGE_NAME = LaunchImage;
				GCC_PRECOMPILE_PREFIX_HEADER = YES;
				GCC_PREFIX_HEADER = "Messages/Messages-Prefix.pch";
				INFOPLIST_FILE = "Messages/Messages-Info.plist";
				PRODUCT_NAME = "$(TARGET_NAME)";
				WRAPPER_EXTENSION = app;
			};
			name = Release;
		};
		C45DFF4C1876573A00674A7E /* Debug */ = {
			isa = XCBuildConfiguration;
			buildSettings = {
				ARCHS = "$(ARCHS_STANDARD_INCLUDING_64_BIT)";
				BUNDLE_LOADER = "$(BUILT_PRODUCTS_DIR)/Messages.app/Messages";
				FRAMEWORK_SEARCH_PATHS = (
					"$(SDKROOT)/Developer/Library/Frameworks",
					"$(inherited)",
					"$(DEVELOPER_FRAMEWORKS_DIR)",
				);
				GCC_PRECOMPILE_PREFIX_HEADER = YES;
				GCC_PREFIX_HEADER = "Messages/Messages-Prefix.pch";
				GCC_PREPROCESSOR_DEFINITIONS = (
					"DEBUG=1",
					"$(inherited)",
				);
				INFOPLIST_FILE = "MessagesTests/MessagesTests-Info.plist";
				PRODUCT_NAME = "$(TARGET_NAME)";
				TEST_HOST = "$(BUNDLE_LOADER)";
				WRAPPER_EXTENSION = xctest;
			};
			name = Debug;
		};
		C45DFF4D1876573A00674A7E /* Release */ = {
			isa = XCBuildConfiguration;
			buildSettings = {
				ARCHS = "$(ARCHS_STANDARD_INCLUDING_64_BIT)";
				BUNDLE_LOADER = "$(BUILT_PRODUCTS_DIR)/Messages.app/Messages";
				FRAMEWORK_SEARCH_PATHS = (
					"$(SDKROOT)/Developer/Library/Frameworks",
					"$(inherited)",
					"$(DEVELOPER_FRAMEWORKS_DIR)",
				);
				GCC_PRECOMPILE_PREFIX_HEADER = YES;
				GCC_PREFIX_HEADER = "Messages/Messages-Prefix.pch";
				INFOPLIST_FILE = "MessagesTests/MessagesTests-Info.plist";
				PRODUCT_NAME = "$(TARGET_NAME)";
				TEST_HOST = "$(BUNDLE_LOADER)";
				WRAPPER_EXTENSION = xctest;
			};
			name = Release;
		};
/* End XCBuildConfiguration section */

/* Begin XCConfigurationList section */
		C45DFF0E1876573A00674A7E /* Build configuration list for PBXProject "Messages" */ = {
			isa = XCConfigurationList;
			buildConfigurations = (
				C45DFF461876573A00674A7E /* Debug */,
				C45DFF471876573A00674A7E /* Release */,
			);
			defaultConfigurationIsVisible = 0;
			defaultConfigurationName = Release;
		};
		C45DFF481876573A00674A7E /* Build configuration list for PBXNativeTarget "Messages" */ = {
			isa = XCConfigurationList;
			buildConfigurations = (
				C45DFF491876573A00674A7E /* Debug */,
				C45DFF4A1876573A00674A7E /* Release */,
			);
			defaultConfigurationIsVisible = 0;
			defaultConfigurationName = Release;
		};
		C45DFF4B1876573A00674A7E /* Build configuration list for PBXNativeTarget "MessagesTests" */ = {
			isa = XCConfigurationList;
			buildConfigurations = (
				C45DFF4C1876573A00674A7E /* Debug */,
				C45DFF4D1876573A00674A7E /* Release */,
			);
			defaultConfigurationIsVisible = 0;
			defaultConfigurationName = Release;
		};
/* End XCConfigurationList section */
	};
	rootObject = C45DFF0B1876573A00674A7E /* Project object */;
}
